
Microsoft Visual Studio Solution File, Format Version 12.00
# Visual Studio Version 17
VisualStudioVersion = 17.0.31717.71
MinimumVisualStudioVersion = 10.0.40219.1
Project("{9A19103F-16F7-4668-BE54-9A1E7A4F7556}") = "Conesoft - Website - Files", "Conesoft - Website - Files.csproj", "{A2053987-093E-4D17-9B2B-2F8D9D658B91}"
EndProject
Project("{9A19103F-16F7-4668-BE54-9A1E7A4F7556}") = "Blazor Components", "..\..\blazor-components\src\Blazor Components.csproj", "{528ECE1C-62D1-41DD-BB5C-F5686F56765D}"
EndProject
Project("{9A19103F-16F7-4668-BE54-9A1E7A4F7556}") = "Conesoft.Tools", "..\..\nuget-tools\src\Conesoft.Tools.csproj", "{75A48543-F4DA-4A81-9326-CBDB0867DF17}"
EndProject
Global
	GlobalSection(SolutionConfigurationPlatforms) = preSolution
		Debug|Any CPU = Debug|Any CPU
		Release|Any CPU = Release|Any CPU
	EndGlobalSection
	GlobalSection(ProjectConfigurationPlatforms) = postSolution
		{A2053987-093E-4D17-9B2B-2F8D9D658B91}.Debug|Any CPU.ActiveCfg = Debug|Any CPU
		{A2053987-093E-4D17-9B2B-2F8D9D658B91}.Debug|Any CPU.Build.0 = Debug|Any CPU
		{A2053987-093E-4D17-9B2B-2F8D9D658B91}.Release|Any CPU.ActiveCfg = Release|Any CPU
		{A2053987-093E-4D17-9B2B-2F8D9D658B91}.Release|Any CPU.Build.0 = Release|Any CPU
		{528ECE1C-62D1-41DD-BB5C-F5686F56765D}.Debug|Any CPU.ActiveCfg = Debug|Any CPU
		{528ECE1C-62D1-41DD-BB5C-F5686F56765D}.Debug|Any CPU.Build.0 = Debug|Any CPU
		{528ECE1C-62D1-41DD-BB5C-F5686F56765D}.Release|Any CPU.ActiveCfg = Release|Any CPU
		{528ECE1C-62D1-41DD-BB5C-F5686F56765D}.Release|Any CPU.Build.0 = Release|Any CPU
		{75A48543-F4DA-4A81-9326-CBDB0867DF17}.Debug|Any CPU.ActiveCfg = Debug|Any CPU
		{75A48543-F4DA-4A81-9326-CBDB0867DF17}.Debug|Any CPU.Build.0 = Debug|Any CPU
		{75A48543-F4DA-4A81-9326-CBDB0867DF17}.Release|Any CPU.ActiveCfg = Release|Any CPU
		{75A48543-F4DA-4A81-9326-CBDB0867DF17}.Release|Any CPU.Build.0 = Release|Any CPU
	EndGlobalSection
	GlobalSection(SolutionProperties) = preSolution
		HideSolutionNode = FALSE
	EndGlobalSection
	GlobalSection(ExtensibilityGlobals) = postSolution
		SolutionGuid = {82A76F0F-3404-4ABB-88F6-FAA671EC040C}
	EndGlobalSection
EndGlobal
