
Microsoft Visual Studio Solution File, Format Version 12.00
# Visual Studio Version 17
VisualStudioVersion = 17.0.31717.71
MinimumVisualStudioVersion = 10.0.40219.1
Project("{9A19103F-16F7-4668-BE54-9A1E7A4F7556}") = "Conesoft - Website - Files", "Conesoft - Website - Files.csproj", "{8F17269D-218C-466A-AB66-CD71664FEA4F}"
EndProject
Global
	GlobalSection(SolutionConfigurationPlatforms) = preSolution
		Debug|Any CPU = Debug|Any CPU
		Release|Any CPU = Release|Any CPU
	EndGlobalSection
	GlobalSection(ProjectConfigurationPlatforms) = postSolution
		{8F17269D-218C-466A-AB66-CD71664FEA4F}.Debug|Any CPU.ActiveCfg = Debug|Any CPU
		{8F17269D-218C-466A-AB66-CD71664FEA4F}.Debug|Any CPU.Build.0 = Debug|Any CPU
		{8F17269D-218C-466A-AB66-CD71664FEA4F}.Release|Any CPU.ActiveCfg = Release|Any CPU
		{8F17269D-218C-466A-AB66-CD71664FEA4F}.Release|Any CPU.Build.0 = Release|Any CPU
	EndGlobalSection
	GlobalSection(SolutionProperties) = preSolution
		HideSolutionNode = FALSE
	EndGlobalSection
	GlobalSection(ExtensibilityGlobals) = postSolution
		SolutionGuid = {82A76F0F-3404-4ABB-88F6-FAA671EC040C}
	EndGlobalSection
EndGlobal
